
Microsoft Visual Studio Solution File, Format Version 12.00
# Visual Studio Version 17
VisualStudioVersion = 17.8.34525.116
MinimumVisualStudioVersion = 10.0.40219.1
Project("{FAE04EC0-301F-11D3-BF4B-00C04F79EFBC}") = "ConsoleAppfor", "ConsoleAppfor\ConsoleAppfor.csproj", "{76C38D9B-4471-4585-8087-2DB1304E797C}"
EndProject
Global
	GlobalSection(SolutionConfigurationPlatforms) = preSolution
		Debug|Any CPU = Debug|Any CPU
		Release|Any CPU = Release|Any CPU
	EndGlobalSection
	GlobalSection(ProjectConfigurationPlatforms) = postSolution
		{76C38D9B-4471-4585-8087-2DB1304E797C}.Debug|Any CPU.ActiveCfg = Debug|Any CPU
		{76C38D9B-4471-4585-8087-2DB1304E797C}.Debug|Any CPU.Build.0 = Debug|Any CPU
		{76C38D9B-4471-4585-8087-2DB1304E797C}.Release|Any CPU.ActiveCfg = Release|Any CPU
		{76C38D9B-4471-4585-8087-2DB1304E797C}.Release|Any CPU.Build.0 = Release|Any CPU
	EndGlobalSection
	GlobalSection(SolutionProperties) = preSolution
		HideSolutionNode = FALSE
	EndGlobalSection
	GlobalSection(ExtensibilityGlobals) = postSolution
		SolutionGuid = {2EFCF8A2-69AC-4778-91FB-DE59D5AE5D03}
	EndGlobalSection
EndGlobal
